
Microsoft Visual Studio Solution File, Format Version 12.00
# Visual Studio 15
VisualStudioVersion = 15.0.27703.2042
MinimumVisualStudioVersion = 10.0.40219.1
Project("{FAE04EC0-301F-11D3-BF4B-00C04F79EFBC}") = "MFSpacer", "MFSpacer.csproj", "{E92C56C8-41A8-411B-B053-0BB120DD7445}"
EndProject
Global
	GlobalSection(SolutionConfigurationPlatforms) = preSolution
		Debug|Any CPU = Debug|Any CPU
		Release|Any CPU = Release|Any CPU
	EndGlobalSection
	GlobalSection(ProjectConfigurationPlatforms) = postSolution
		{E92C56C8-41A8-411B-B053-0BB120DD7445}.Debug|Any CPU.ActiveCfg = Debug|Any CPU
		{E92C56C8-41A8-411B-B053-0BB120DD7445}.Debug|Any CPU.Build.0 = Debug|Any CPU
		{E92C56C8-41A8-411B-B053-0BB120DD7445}.Release|Any CPU.ActiveCfg = Release|Any CPU
		{E92C56C8-41A8-411B-B053-0BB120DD7445}.Release|Any CPU.Build.0 = Release|Any CPU
	EndGlobalSection
	GlobalSection(SolutionProperties) = preSolution
		HideSolutionNode = FALSE
	EndGlobalSection
	GlobalSection(ExtensibilityGlobals) = postSolution
		SolutionGuid = {7F2539BC-53CA-4AE9-9711-FB0758F4390B}
	EndGlobalSection
EndGlobal
