
Microsoft Visual Studio Solution File, Format Version 12.00
# Visual Studio 15
VisualStudioVersion = 15.0.27428.2037
MinimumVisualStudioVersion = 10.0.40219.1
Project("{FAE04EC0-301F-11D3-BF4B-00C04F79EFBC}") = "VFEF", "VFEF\VFEF.csproj", "{27945775-C5ED-490C-9B39-B1779B0FCAED}"
EndProject
Global
	GlobalSection(SolutionConfigurationPlatforms) = preSolution
		Debug|Any CPU = Debug|Any CPU
		Release|Any CPU = Release|Any CPU
	EndGlobalSection
	GlobalSection(ProjectConfigurationPlatforms) = postSolution
		{27945775-C5ED-490C-9B39-B1779B0FCAED}.Debug|Any CPU.ActiveCfg = Debug|Any CPU
		{27945775-C5ED-490C-9B39-B1779B0FCAED}.Debug|Any CPU.Build.0 = Debug|Any CPU
		{27945775-C5ED-490C-9B39-B1779B0FCAED}.Release|Any CPU.ActiveCfg = Release|Any CPU
		{27945775-C5ED-490C-9B39-B1779B0FCAED}.Release|Any CPU.Build.0 = Release|Any CPU
	EndGlobalSection
	GlobalSection(SolutionProperties) = preSolution
		HideSolutionNode = FALSE
	EndGlobalSection
	GlobalSection(ExtensibilityGlobals) = postSolution
		SolutionGuid = {EE31B048-A24D-440D-8F37-7B70CFC2F050}
	EndGlobalSection
EndGlobal
